
Microsoft Visual Studio Solution File, Format Version 12.00
# Visual Studio 15
VisualStudioVersion = 15.0.27130.2036
MinimumVisualStudioVersion = 10.0.40219.1
Project("{F184B08F-C81C-45F6-A57F-5ABD9991F28F}") = "Speech Synth Test", "Speech Synth Test\Speech Synth Test.vbproj", "{55FDB339-FC3C-4447-9F7B-BFFC3E154117}"
EndProject
Global
	GlobalSection(SolutionConfigurationPlatforms) = preSolution
		Debug|Any CPU = Debug|Any CPU
		Release|Any CPU = Release|Any CPU
	EndGlobalSection
	GlobalSection(ProjectConfigurationPlatforms) = postSolution
		{55FDB339-FC3C-4447-9F7B-BFFC3E154117}.Debug|Any CPU.ActiveCfg = Debug|Any CPU
		{55FDB339-FC3C-4447-9F7B-BFFC3E154117}.Debug|Any CPU.Build.0 = Debug|Any CPU
		{55FDB339-FC3C-4447-9F7B-BFFC3E154117}.Release|Any CPU.ActiveCfg = Release|Any CPU
		{55FDB339-FC3C-4447-9F7B-BFFC3E154117}.Release|Any CPU.Build.0 = Release|Any CPU
	EndGlobalSection
	GlobalSection(SolutionProperties) = preSolution
		HideSolutionNode = FALSE
	EndGlobalSection
	GlobalSection(ExtensibilityGlobals) = postSolution
		SolutionGuid = {C508B6FE-B22B-457B-95C9-9874EFC5B617}
	EndGlobalSection
EndGlobal
